
Microsoft Visual Studio Solution File, Format Version 12.00
# Visual Studio Version 17
VisualStudioVersion = 17.10.35122.118
MinimumVisualStudioVersion = 10.0.40219.1
Project("{FAE04EC0-301F-11D3-BF4B-00C04F79EFBC}") = "API-EFCore", "API-EFCore\API-EFCore.csproj", "{05590032-1369-49F2-8028-8284E05C46BD}"
EndProject
Project("{FAE04EC0-301F-11D3-BF4B-00C04F79EFBC}") = "API-EFCore.DAL", "API-EFCore.DAL\API-EFCore.DAL.csproj", "{B9974D1F-0E7B-45A4-A3CB-DD741D4B4F18}"
EndProject
Project("{FAE04EC0-301F-11D3-BF4B-00C04F79EFBC}") = "API-EFCore.BLL", "API-EFCore.BLL\API-EFCore.BLL.csproj", "{6BEB4AB0-3B53-4C40-B9F9-FF191F002F0A}"
EndProject
Global
	GlobalSection(SolutionConfigurationPlatforms) = preSolution
		Debug|Any CPU = Debug|Any CPU
		Release|Any CPU = Release|Any CPU
	EndGlobalSection
	GlobalSection(ProjectConfigurationPlatforms) = postSolution
		{05590032-1369-49F2-8028-8284E05C46BD}.Debug|Any CPU.ActiveCfg = Debug|Any CPU
		{05590032-1369-49F2-8028-8284E05C46BD}.Debug|Any CPU.Build.0 = Debug|Any CPU
		{05590032-1369-49F2-8028-8284E05C46BD}.Release|Any CPU.ActiveCfg = Release|Any CPU
		{05590032-1369-49F2-8028-8284E05C46BD}.Release|Any CPU.Build.0 = Release|Any CPU
		{B9974D1F-0E7B-45A4-A3CB-DD741D4B4F18}.Debug|Any CPU.ActiveCfg = Debug|Any CPU
		{B9974D1F-0E7B-45A4-A3CB-DD741D4B4F18}.Debug|Any CPU.Build.0 = Debug|Any CPU
		{B9974D1F-0E7B-45A4-A3CB-DD741D4B4F18}.Release|Any CPU.ActiveCfg = Release|Any CPU
		{B9974D1F-0E7B-45A4-A3CB-DD741D4B4F18}.Release|Any CPU.Build.0 = Release|Any CPU
		{6BEB4AB0-3B53-4C40-B9F9-FF191F002F0A}.Debug|Any CPU.ActiveCfg = Debug|Any CPU
		{6BEB4AB0-3B53-4C40-B9F9-FF191F002F0A}.Debug|Any CPU.Build.0 = Debug|Any CPU
		{6BEB4AB0-3B53-4C40-B9F9-FF191F002F0A}.Release|Any CPU.ActiveCfg = Release|Any CPU
		{6BEB4AB0-3B53-4C40-B9F9-FF191F002F0A}.Release|Any CPU.Build.0 = Release|Any CPU
	EndGlobalSection
	GlobalSection(SolutionProperties) = preSolution
		HideSolutionNode = FALSE
	EndGlobalSection
	GlobalSection(ExtensibilityGlobals) = postSolution
		SolutionGuid = {19EC8703-1BF1-4112-ACC2-34E41CD12622}
	EndGlobalSection
EndGlobal
